schema: '2.0'
stages:
  preprocess:
    cmd: python3 -m src.preprocessing
    deps:
    - path: config/encoding.yaml
      hash: md5
      md5: 9e0dff17524daa222fdc714a4ede1a6a
      size: 539
    - path: data/raw/Training Data.csv
      hash: md5
      md5: 1910f8d197f390a5f21e320ae5611f67
      size: 20119553
    - path: src/config.py
      hash: md5
      md5: 52ae96471220264c466a2555f745e21a
      size: 2937
    - path: src/logger.py
      hash: md5
      md5: 5f427d4cf05deb98248c1eaa9d7df8f4
      size: 890
    - path: src/preprocessing.py
      hash: md5
      md5: 71703f2815dc89f3ebda26071aa93586
      size: 17371
    - path: src/utils.py
      hash: md5
      md5: 4ffc05e6747929dc2189ec2f54f1943d
      size: 1783
    params:
      config/params.yaml:
        dataset:
          name: subhamjain/loan-prediction-based-on-customer-behavior
          raw_path: data/raw
          train_file: Training Data.csv
          test_file: Test Data.csv
        processed:
          path: data/processed
          train_file: train_processed.csv
          test_file: test_processed.csv
    outs:
    - path: artifacts/preprocessor.joblib
      hash: md5
      md5: dd9975bb6eaeaef08732d4e13b435f34
      size: 4504790
    - path: data/processed/train_processed.csv
      hash: md5
      md5: cb9223cd2937fd1245ed4c61861e7ff5
      size: 4137668
  feature_engineering:
    cmd: python3 -m src.feature_engineering
    deps:
    - path: data/processed/train_processed.csv
      hash: md5
      md5: cb9223cd2937fd1245ed4c61861e7ff5
      size: 4137668
    - path: src/config.py
      hash: md5
      md5: 52ae96471220264c466a2555f745e21a
      size: 2937
    - path: src/feature_engineering.py
      hash: md5
      md5: ec62455e1c16155a5b87f6c5c0c697a8
      size: 4416
    - path: src/logger.py
      hash: md5
      md5: 5f427d4cf05deb98248c1eaa9d7df8f4
      size: 890
    - path: src/utils.py
      hash: md5
      md5: 4ffc05e6747929dc2189ec2f54f1943d
      size: 1783
    params:
      config/params.yaml:
        balancing:
          method: smote
          sampling_strategy: not majority
          random_state: 42
        intermediate:
          splits_dir: data/processed/splits
          x_train_file: X_train.csv
          x_test_file: X_test.csv
          y_train_file: y_train.csv
          y_test_file: y_test.csv
        scaling:
          method: standard
        split:
          target_column: Risk_Flag
          test_size: 0.2
          random_state: 42
          stratify: true
    outs:
    - path: artifacts/scaler.pkl
      hash: md5
      md5: 06ea1c98b3674980c652b42e881e2977
      size: 1335
    - path: data/processed/splits
      hash: md5
      md5: 08a617672423aeed57ce25b501ef1ef9.dir
      size: 15251519
      nfiles: 4
  train:
    cmd: python3 -m src.model
    deps:
    - path: artifacts/preprocessor.joblib
      hash: md5
      md5: dd9975bb6eaeaef08732d4e13b435f34
      size: 4504790
    - path: artifacts/scaler.pkl
      hash: md5
      md5: 06ea1c98b3674980c652b42e881e2977
      size: 1335
    - path: data/processed/splits
      hash: md5
      md5: 08a617672423aeed57ce25b501ef1ef9.dir
      size: 15251519
      nfiles: 4
    - path: src/config.py
      hash: md5
      md5: 52ae96471220264c466a2555f745e21a
      size: 2937
    - path: src/logger.py
      hash: md5
      md5: 5f427d4cf05deb98248c1eaa9d7df8f4
      size: 890
    - path: src/model.py
      hash: md5
      md5: bec618386b1f0a73a75571a2ac93faec
      size: 3364
    params:
      config/params.yaml:
        model:
          name: gradient_boosting
          params:
            n_estimators: 200
            learning_rate: 0.1
            max_depth: 5
            min_samples_split: 5
            min_samples_leaf: 1
            random_state: 42
    outs:
    - path: artifacts/model.joblib
      hash: md5
      md5: d6404e9c6a9984142c07dadff530b2d1
      size: 5407341
  evaluate:
    cmd: python3 -m src.evaluation
    deps:
    - path: artifacts/model.joblib
      hash: md5
      md5: d6404e9c6a9984142c07dadff530b2d1
      size: 5407341
    - path: data/processed/splits
      hash: md5
      md5: 08a617672423aeed57ce25b501ef1ef9.dir
      size: 15251519
      nfiles: 4
    - path: src/config.py
      hash: md5
      md5: 52ae96471220264c466a2555f745e21a
      size: 2937
    - path: src/evaluation.py
      hash: md5
      md5: 414291756c29cff412dd4cc384be7748
      size: 6456
    - path: src/logger.py
      hash: md5
      md5: 5f427d4cf05deb98248c1eaa9d7df8f4
      size: 890
    outs:
    - path: artifacts/confusion_matrix.png
      hash: md5
      md5: 43eb6338efee5296fb97d1909d683e60
      size: 21207
    - path: artifacts/metrics.json
      hash: md5
      md5: dc1786e53cf4f7491417cc28504d3503
      size: 616
    - path: artifacts/roc_curve.png
      hash: md5
      md5: 39474b513af2fecb0d1532644e57d089
      size: 39314
  data_ingestion:
    cmd: python3 -m src.data_ingestion
    deps:
    - path: src/config.py
      hash: md5
      md5: 52ae96471220264c466a2555f745e21a
      size: 2937
    - path: src/data_ingestion.py
      hash: md5
      md5: fb2deeaf939323209055a478726b5db3
      size: 1074
    - path: src/logger.py
      hash: md5
      md5: 5f427d4cf05deb98248c1eaa9d7df8f4
      size: 890
    params:
      config/params.yaml:
        dataset:
          name: subhamjain/loan-prediction-based-on-customer-behavior
          raw_path: data/raw
          train_file: Training Data.csv
          test_file: Test Data.csv
    outs:
    - path: data/raw/Test Data.csv
      hash: md5
      md5: fc23077f34565ef25b59dfa23e1a00e8
      size: 2155042
    - path: data/raw/Training Data.csv
      hash: md5
      md5: 1910f8d197f390a5f21e320ae5611f67
      size: 20119553
